{
    "name": "multi-get",
    "version": "0.0.1",
    "lockfileVersion": 1,
    "requires": true,
    "dependencies": {
        "async": {
            "version": "2.6.0",
            "resolved": "https://registry.npmjs.org/async/-/async-2.6.0.tgz",
            "integrity": "sha512-xAfGg1/NTLBBKlHFmnd7PlmUW9KhVQIUuSrYem9xzFUZy13ScvtyGGejaae9iAVRiRq9+Cx7DPFaAAhCpyxyPw==",
            "requires": {
                "lodash": "4.17.5"
            }
        },
        "commander": {
            "version": "2.15.1",
            "resolved": "https://registry.npmjs.org/commander/-/commander-2.15.1.tgz",
            "integrity": "sha512-VlfT9F3V0v+jr4yxPc5gg9s62/fIVWsd2Bk2iD435um1NlGMYdVCq+MjcXnhYq2icNOizHr1kK+5TI6H0Hy0ag=="
        },
        "lodash": {
            "version": "4.17.5",
            "resolved": "https://registry.npmjs.org/lodash/-/lodash-4.17.5.tgz",
            "integrity": "sha512-svL3uiZf1RwhH+cWrfZn3A4+U58wbP0tGVTLQPbjplZxZ8ROD9VLuNgsRniTlLe7OlSqR79RUehXgpBW/s0IQw=="
        },
        "pkginfo": {
            "version": "0.4.1",
            "resolved": "https://registry.npmjs.org/pkginfo/-/pkginfo-0.4.1.tgz",
            "integrity": "sha1-tUGO8EOd5UJfxJlQQtztFPsqhP8="
        },
        "valid-url": {
            "version": "1.0.9",
            "resolved": "https://registry.npmjs.org/valid-url/-/valid-url-1.0.9.tgz",
            "integrity": "sha1-HBRHm0DxOXp1eC8RXkCGRHQzogA="
        }
    }
}
